
Microsoft Visual Studio Solution File, Format Version 12.00
# Visual Studio 15
VisualStudioVersion = 15.0.28307.1972
MinimumVisualStudioVersion = 10.0.40219.1
Project("{9092AA53-FB77-4645-B42D-1CCCA6BD08BD}") = "connectToDb", "connectToDb\connectToDb.njsproj", "{DD3DC4CC-EFA5-4C19-8E69-CCE7EC6C22C4}"
EndProject
Project("{9092AA53-FB77-4645-B42D-1CCCA6BD08BD}") = "NodejsWebApp1", "..\NodejsWebApp1\NodejsWebApp1\NodejsWebApp1.njsproj", "{16B39361-31E9-4BD8-941B-D233EBB53FB9}"
EndProject
Global
	GlobalSection(SolutionConfigurationPlatforms) = preSolution
		Debug|Any CPU = Debug|Any CPU
		Release|Any CPU = Release|Any CPU
	EndGlobalSection
	GlobalSection(ProjectConfigurationPlatforms) = postSolution
		{DD3DC4CC-EFA5-4C19-8E69-CCE7EC6C22C4}.Debug|Any CPU.ActiveCfg = Debug|Any CPU
		{DD3DC4CC-EFA5-4C19-8E69-CCE7EC6C22C4}.Debug|Any CPU.Build.0 = Debug|Any CPU
		{DD3DC4CC-EFA5-4C19-8E69-CCE7EC6C22C4}.Release|Any CPU.ActiveCfg = Release|Any CPU
		{DD3DC4CC-EFA5-4C19-8E69-CCE7EC6C22C4}.Release|Any CPU.Build.0 = Release|Any CPU
		{16B39361-31E9-4BD8-941B-D233EBB53FB9}.Debug|Any CPU.ActiveCfg = Debug|Any CPU
		{16B39361-31E9-4BD8-941B-D233EBB53FB9}.Debug|Any CPU.Build.0 = Debug|Any CPU
		{16B39361-31E9-4BD8-941B-D233EBB53FB9}.Release|Any CPU.ActiveCfg = Release|Any CPU
		{16B39361-31E9-4BD8-941B-D233EBB53FB9}.Release|Any CPU.Build.0 = Release|Any CPU
	EndGlobalSection
	GlobalSection(SolutionProperties) = preSolution
		HideSolutionNode = FALSE
	EndGlobalSection
	GlobalSection(ExtensibilityGlobals) = postSolution
		SolutionGuid = {18E1DDEC-E959-4EBC-9E63-F8949A8B725A}
	EndGlobalSection
EndGlobal
